# THIS IS AN AUTOGENERATED FILE. DO NOT EDIT THIS FILE DIRECTLY.
# yarn lockfile v1


pure-http@^3.3.1:
  version "3.3.1"
  resolved "https://registry.yarnpkg.com/pure-http/-/pure-http-3.3.1.tgz#529004925b7466ba40a347691706aad616bbcedf"
  integrity sha512-tSzQOC18cOWodOYNSNX5zL699EpwGIxCty0C/RFPyDm9Q8cvJ1y19NrEjBlxSqbZKBl3ZjBUPGrjAwFalmTcBA==
